// !$*UTF8*$!
{
	archiveVersion = 1;
	classes = {
	};
	objectVersion = 46;
	objects = {

/* Begin PBXBuildFile section */
		0719C6911D723EE20061C01B /* AppDelegate.swift in Sources */ = {isa = PBXBuildFile; fileRef = 0719C6901D723EE20061C01B /* AppDelegate.swift */; };
		0719C6931D723EE20061C01B /* ViewController.swift in Sources */ = {isa = PBXBuildFile; fileRef = 0719C6921D723EE20061C01B /* ViewController.swift */; };
		0719C6961D723EE20061C01B /* Main.storyboard in Resources */ = {isa = PBXBuildFile; fileRef = 0719C6941D723EE20061C01B /* Main.storyboard */; };
		0719C6981D723EE20061C01B /* Assets.xcassets in Resources */ = {isa = PBXBuildFile; fileRef = 0719C6971D723EE20061C01B /* Assets.xcassets */; };
		0719C69B1D723EE20061C01B /* LaunchScreen.storyboard in Resources */ = {isa = PBXBuildFile; fileRef = 0719C6991D723EE20061C01B /* LaunchScreen.storyboard */; };
		0719C6A61D723EE30061C01B /* MedialTests.swift in Sources */ = {isa = PBXBuildFile; fileRef = 0719C6A51D723EE30061C01B /* MedialTests.swift */; };
		0719C6B11D723EE30061C01B /* MedialUITests.swift in Sources */ = {isa = PBXBuildFile; fileRef = 0719C6B01D723EE30061C01B /* MedialUITests.swift */; };
		0719C6C41D724D530061C01B /* TableViewController.swift in Sources */ = {isa = PBXBuildFile; fileRef = 0719C6C31D724D530061C01B /* TableViewController.swift */; };
		077797BB1D7265B4003FA408 /* TableViewCell.swift in Sources */ = {isa = PBXBuildFile; fileRef = 077797BA1D7265B4003FA408 /* TableViewCell.swift */; };
		077797BD1D728298003FA408 /* ProfileViewController.swift in Sources */ = {isa = PBXBuildFile; fileRef = 077797BC1D728298003FA408 /* ProfileViewController.swift */; };
/* End PBXBuildFile section */

/* Begin PBXContainerItemProxy section */
		0719C6A21D723EE30061C01B /* PBXContainerItemProxy */ = {
			isa = PBXContainerItemProxy;
			containerPortal = 0719C6851D723EE00061C01B /* Project object */;
			proxyType = 1;
			remoteGlobalIDString = 0719C68C1D723EE00061C01B;
			remoteInfo = Medial;
		};
		0719C6AD1D723EE30061C01B /* PBXContainerItemProxy */ = {
			isa = PBXContainerItemProxy;
			containerPortal = 0719C6851D723EE00061C01B /* Project object */;
			proxyType = 1;
			remoteGlobalIDString = 0719C68C1D723EE00061C01B;
			remoteInfo = Medial;
		};
/* End PBXContainerItemProxy section */

/* Begin PBXFileReference section */
		0719C68D1D723EE10061C01B /* Medial.app */ = {isa = PBXFileReference; explicitFileType = wrapper.application; includeInIndex = 0; path = Medial.app; sourceTree = BUILT_PRODUCTS_DIR; };
		0719C6901D723EE20061C01B /* AppDelegate.swift */ = {isa = PBXFileReference; lastKnownFileType = sourcecode.swift; path = AppDelegate.swift; sourceTree = "<group>"; };
		0719C6921D723EE20061C01B /* ViewController.swift */ = {isa = PBXFileReference; lastKnownFileType = sourcecode.swift; path = ViewController.swift; sourceTree = "<group>"; };
		0719C6951D723EE20061C01B /* Base */ = {isa = PBXFileReference; lastKnownFileType = file.storyboard; name = Base; path = Base.lproj/Main.storyboard; sourceTree = "<group>"; };
		0719C6971D723EE20061C01B /* Assets.xcassets */ = {isa = PBXFileReference; lastKnownFileType = folder.assetcatalog; path = Assets.xcassets; sourceTree = "<group>"; };
		0719C69A1D723EE20061C01B /* Base */ = {isa = PBXFileReference; lastKnownFileType = file.storyboard; name = Base; path = Base.lproj/LaunchScreen.storyboard; sourceTree = "<group>"; };
		0719C69C1D723EE20061C01B /* Info.plist */ = {isa = PBXFileReference; lastKnownFileType = text.plist.xml; path = Info.plist; sourceTree = "<group>"; };
		0719C6A11D723EE30061C01B /* MedialTests.xctest */ = {isa = PBXFileReference; explicitFileType = wrapper.cfbundle; includeInIndex = 0; path = MedialTests.xctest; sourceTree = BUILT_PRODUCTS_DIR; };
		0719C6A51D723EE30061C01B /* MedialTests.swift */ = {isa = PBXFileReference; lastKnownFileType = sourcecode.swift; path = MedialTests.swift; sourceTree = "<group>"; };
		0719C6A71D723EE30061C01B /* Info.plist */ = {isa = PBXFileReference; lastKnownFileType = text.plist.xml; path = Info.plist; sourceTree = "<group>"; };
		0719C6AC1D723EE30061C01B /* MedialUITests.xctest */ = {isa = PBXFileReference; explicitFileType = wrapper.cfbundle; includeInIndex = 0; path = MedialUITests.xctest; sourceTree = BUILT_PRODUCTS_DIR; };
		0719C6B01D723EE30061C01B /* MedialUITests.swift */ = {isa = PBXFileReference; lastKnownFileType = sourcecode.swift; path = MedialUITests.swift; sourceTree = "<group>"; };
		0719C6B21D723EE30061C01B /* Info.plist */ = {isa = PBXFileReference; lastKnownFileType = text.plist.xml; path = Info.plist; sourceTree = "<group>"; };
		0719C6C31D724D530061C01B /* TableViewController.swift */ = {isa = PBXFileReference; fileEncoding = 4; lastKnownFileType = sourcecode.swift; path = TableViewController.swift; sourceTree = "<group>"; };
		077797BA1D7265B4003FA408 /* TableViewCell.swift */ = {isa = PBXFileReference; fileEncoding = 4; lastKnownFileType = sourcecode.swift; path = TableViewCell.swift; sourceTree = "<group>"; };
		077797BC1D728298003FA408 /* ProfileViewController.swift */ = {isa = PBXFileReference; fileEncoding = 4; lastKnownFileType = sourcecode.swift; path = ProfileViewController.swift; sourceTree = "<group>"; };
/* End PBXFileReference section */

/* Begin PBXFrameworksBuildPhase section */
		0719C68A1D723EE00061C01B /* Frameworks */ = {
			isa = PBXFrameworksBuildPhase;
			buildActionMask = 2147483647;
			files = (
			);
			runOnlyForDeploymentPostprocessing = 0;
		};
		0719C69E1D723EE30061C01B /* Frameworks */ = {
			isa = PBXFrameworksBuildPhase;
			buildActionMask = 2147483647;
			files = (
			);
			runOnlyForDeploymentPostprocessing = 0;
		};
		0719C6A91D723EE30061C01B /* Frameworks */ = {
			isa = PBXFrameworksBuildPhase;
			buildActionMask = 2147483647;
			files = (
			);
			runOnlyForDeploymentPostprocessing = 0;
		};
/* End PBXFrameworksBuildPhase section */

/* Begin PBXGroup section */
		0719C6841D723EE00061C01B = {
			isa = PBXGroup;
			children = (
				0719C68F1D723EE10061C01B /* Medial */,
				0719C6A41D723EE30061C01B /* MedialTests */,
				0719C6AF1D723EE30061C01B /* MedialUITests */,
				0719C68E1D723EE10061C01B /* Products */,
			);
			sourceTree = "<group>";
		};
		0719C68E1D723EE10061C01B /* Products */ = {
			isa = PBXGroup;
			children = (
				0719C68D1D723EE10061C01B /* Medial.app */,
				0719C6A11D723EE30061C01B /* MedialTests.xctest */,
				0719C6AC1D723EE30061C01B /* MedialUITests.xctest */,
			);
			name = Products;
			sourceTree = "<group>";
		};
		0719C68F1D723EE10061C01B /* Medial */ = {
			isa = PBXGroup;
			children = (
				0719C6BE1D7249D20061C01B /* Code */,
				0719C6941D723EE20061C01B /* Main.storyboard */,
				0719C6971D723EE20061C01B /* Assets.xcassets */,
				0719C6991D723EE20061C01B /* LaunchScreen.storyboard */,
				0719C69C1D723EE20061C01B /* Info.plist */,
			);
			path = Medial;
			sourceTree = "<group>";
		};
		0719C6A41D723EE30061C01B /* MedialTests */ = {
			isa = PBXGroup;
			children = (
				0719C6A51D723EE30061C01B /* MedialTests.swift */,
				0719C6A71D723EE30061C01B /* Info.plist */,
			);
			path = MedialTests;
			sourceTree = "<group>";
		};
		0719C6AF1D723EE30061C01B /* MedialUITests */ = {
			isa = PBXGroup;
			children = (
				0719C6B01D723EE30061C01B /* MedialUITests.swift */,
				0719C6B21D723EE30061C01B /* Info.plist */,
			);
			path = MedialUITests;
			sourceTree = "<group>";
		};
		0719C6BE1D7249D20061C01B /* Code */ = {
			isa = PBXGroup;
			children = (
				0719C6901D723EE20061C01B /* AppDelegate.swift */,
				0719C6921D723EE20061C01B /* ViewController.swift */,
				0719C6C31D724D530061C01B /* TableViewController.swift */,
				077797BA1D7265B4003FA408 /* TableViewCell.swift */,
				077797BC1D728298003FA408 /* ProfileViewController.swift */,
			);
			name = Code;
			sourceTree = "<group>";
		};
/* End PBXGroup section */

/* Begin PBXNativeTarget section */
		0719C68C1D723EE00061C01B /* Medial */ = {
			isa = PBXNativeTarget;
			buildConfigurationList = 0719C6B51D723EE30061C01B /* Build configuration list for PBXNativeTarget "Medial" */;
			buildPhases = (
				0719C6891D723EE00061C01B /* Sources */,
				0719C68A1D723EE00061C01B /* Frameworks */,
				0719C68B1D723EE00061C01B /* Resources */,
			);
			buildRules = (
			);
			dependencies = (
			);
			name = Medial;
			productName = Medial;
			productReference = 0719C68D1D723EE10061C01B /* Medial.app */;
			productType = "com.apple.product-type.application";
		};
		0719C6A01D723EE30061C01B /* MedialTests */ = {
			isa = PBXNativeTarget;
			buildConfigurationList = 0719C6B81D723EE30061C01B /* Build configuration list for PBXNativeTarget "MedialTests" */;
			buildPhases = (
				0719C69D1D723EE30061C01B /* Sources */,
				0719C69E1D723EE30061C01B /* Frameworks */,
				0719C69F1D723EE30061C01B /* Resources */,
			);
			buildRules = (
			);
			dependencies = (
				0719C6A31D723EE30061C01B /* PBXTargetDependency */,
			);
			name = MedialTests;
			productName = MedialTests;
			productReference = 0719C6A11D723EE30061C01B /* MedialTests.xctest */;
			productType = "com.apple.product-type.bundle.unit-test";
		};
		0719C6AB1D723EE30061C01B /* MedialUITests */ = {
			isa = PBXNativeTarget;
			buildConfigurationList = 0719C6BB1D723EE30061C01B /* Build configuration list for PBXNativeTarget "MedialUITests" */;
			buildPhases = (
				0719C6A81D723EE30061C01B /* Sources */,
				0719C6A91D723EE30061C01B /* Frameworks */,
				0719C6AA1D723EE30061C01B /* Resources */,
			);
			buildRules = (
			);
			dependencies = (
				0719C6AE1D723EE30061C01B /* PBXTargetDependency */,
			);
			name = MedialUITests;
			productName = MedialUITests;
			productReference = 0719C6AC1D723EE30061C01B /* MedialUITests.xctest */;
			productType = "com.apple.product-type.bundle.ui-testing";
		};
/* End PBXNativeTarget section */

/* Begin PBXProject section */
		0719C6851D723EE00061C01B /* Project object */ = {
			isa = PBXProject;
			attributes = {
				LastSwiftUpdateCheck = 0730;
				LastUpgradeCheck = 0730;
				ORGANIZATIONNAME = "Jose Eduardo";
				TargetAttributes = {
					0719C68C1D723EE00061C01B = {
						CreatedOnToolsVersion = 7.3.1;
						DevelopmentTeam = UBP5PEYJ2Z;
					};
					0719C6A01D723EE30061C01B = {
						CreatedOnToolsVersion = 7.3.1;
						DevelopmentTeam = UBP5PEYJ2Z;
						TestTargetID = 0719C68C1D723EE00061C01B;
					};
					0719C6AB1D723EE30061C01B = {
						CreatedOnToolsVersion = 7.3.1;
						DevelopmentTeam = UBP5PEYJ2Z;
						TestTargetID = 0719C68C1D723EE00061C01B;
					};
				};
			};
			buildConfigurationList = 0719C6881D723EE00061C01B /* Build configuration list for PBXProject "Medial" */;
			compatibilityVersion = "Xcode 3.2";
			developmentRegion = English;
			hasScannedForEncodings = 0;
			knownRegions = (
				en,
				Base,
			);
			mainGroup = 0719C6841D723EE00061C01B;
			productRefGroup = 0719C68E1D723EE10061C01B /* Products */;
			projectDirPath = "";
			projectRoot = "";
			targets = (
				0719C68C1D723EE00061C01B /* Medial */,
				0719C6A01D723EE30061C01B /* MedialTests */,
				0719C6AB1D723EE30061C01B /* MedialUITests */,
			);
		};
/* End PBXProject section */

/* Begin PBXResourcesBuildPhase section */
		0719C68B1D723EE00061C01B /* Resources */ = {
			isa = PBXResourcesBuildPhase;
			buildActionMask = 2147483647;
			files = (
				0719C69B1D723EE20061C01B /* LaunchScreen.storyboard in Resources */,
				0719C6981D723EE20061C01B /* Assets.xcassets in Resources */,
				0719C6961D723EE20061C01B /* Main.storyboard in Resources */,
			);
			runOnlyForDeploymentPostprocessing = 0;
		};
		0719C69F1D723EE30061C01B /* Resources */ = {
			isa = PBXResourcesBuildPhase;
			buildActionMask = 2147483647;
			files = (
			);
			runOnlyForDeploymentPostprocessing = 0;
		};
		0719C6AA1D723EE30061C01B /* Resources */ = {
			isa = PBXResourcesBuildPhase;
			buildActionMask = 2147483647;
			files = (
			);
			runOnlyForDeploymentPostprocessing = 0;
		};
/* End PBXResourcesBuildPhase section */

/* Begin PBXSourcesBuildPhase section */
		0719C6891D723EE00061C01B /* Sources */ = {
			isa = PBXSourcesBuildPhase;
			buildActionMask = 2147483647;
			files = (
				0719C6931D723EE20061C01B /* ViewController.swift in Sources */,
				077797BB1D7265B4003FA408 /* TableViewCell.swift in Sources */,
				077797BD1D728298003FA408 /* ProfileViewController.swift in Sources */,
				0719C6C41D724D530061C01B /* TableViewController.swift in Sources */,
				0719C6911D723EE20061C01B /* AppDelegate.swift in Sources */,
			);
			runOnlyForDeploymentPostprocessing = 0;
		};
		0719C69D1D723EE30061C01B /* Sources */ = {
			isa = PBXSourcesBuildPhase;
			buildActionMask = 2147483647;
			files = (
				0719C6A61D723EE30061C01B /* MedialTests.swift in Sources */,
			);
			runOnlyForDeploymentPostprocessing = 0;
		};
		0719C6A81D723EE30061C01B /* Sources */ = {
			isa = PBXSourcesBuildPhase;
			buildActionMask = 2147483647;
			files = (
				0719C6B11D723EE30061C01B /* MedialUITests.swift in Sources */,
			);
			runOnlyForDeploymentPostprocessing = 0;
		};
/* End PBXSourcesBuildPhase section */

/* Begin PBXTargetDependency section */
		0719C6A31D723EE30061C01B /* PBXTargetDependency */ = {
			isa = PBXTargetDependency;
			target = 0719C68C1D723EE00061C01B /* Medial */;
			targetProxy = 0719C6A21D723EE30061C01B /* PBXContainerItemProxy */;
		};
		0719C6AE1D723EE30061C01B /* PBXTargetDependency */ = {
			isa = PBXTargetDependency;
			target = 0719C68C1D723EE00061C01B /* Medial */;
			targetProxy = 0719C6AD1D723EE30061C01B /* PBXContainerItemProxy */;
		};
/* End PBXTargetDependency section */

/* Begin PBXVariantGroup section */
		0719C6941D723EE20061C01B /* Main.storyboard */ = {
			isa = PBXVariantGroup;
			children = (
				0719C6951D723EE20061C01B /* Base */,
			);
			name = Main.storyboard;
			sourceTree = "<group>";
		};
		0719C6991D723EE20061C01B /* LaunchScreen.storyboard */ = {
			isa = PBXVariantGroup;
			children = (
				0719C69A1D723EE20061C01B /* Base */,
			);
			name = LaunchScreen.storyboard;
			sourceTree = "<group>";
		};
/* End PBXVariantGroup section */

/* Begin XCBuildConfiguration section */
		0719C6B31D723EE30061C01B /* Debug */ = {
			isa = XCBuildConfiguration;
			buildSettings = {
				ALWAYS_SEARCH_USER_PATHS = NO;
				CLANG_ANALYZER_NONNULL = YES;
				CLANG_CXX_LANGUAGE_STANDARD = "gnu++0x";
				CLANG_CXX_LIBRARY = "libc++";
				CLANG_ENABLE_MODULES = YES;
				CLANG_ENABLE_OBJC_ARC = YES;
				CLANG_WARN_BOOL_CONVERSION = YES;
				CLANG_WARN_CONSTANT_CONVERSION = YES;
				CLANG_WARN_DIRECT_OBJC_ISA_USAGE = YES_ERROR;
				CLANG_WARN_EMPTY_BODY = YES;
				CLANG_WARN_ENUM_CONVERSION = YES;
				CLANG_WARN_INT_CONVERSION = YES;
				CLANG_WARN_OBJC_ROOT_CLASS = YES_ERROR;
				CLANG_WARN_UNREACHABLE_CODE = YES;
				CLANG_WARN__DUPLICATE_METHOD_MATCH = YES;
				"CODE_SIGN_IDENTITY[sdk=iphoneos*]" = "iPhone Developer";
				COPY_PHASE_STRIP = NO;
				DEBUG_INFORMATION_FORMAT = dwarf;
				ENABLE_STRICT_OBJC_MSGSEND = YES;
				ENABLE_TESTABILITY = YES;
				GCC_C_LANGUAGE_STANDARD = gnu99;
				GCC_DYNAMIC_NO_PIC = NO;
				GCC_NO_COMMON_BLOCKS = YES;
				GCC_OPTIMIZATION_LEVEL = 0;
				GCC_PREPROCESSOR_DEFINITIONS = (
					"DEBUG=1",
					"$(inherited)",
				);
				GCC_WARN_64_TO_32_BIT_CONVERSION = YES;
				GCC_WARN_ABOUT_RETURN_TYPE = YES_ERROR;
				GCC_WARN_UNDECLARED_SELECTOR = YES;
				GCC_WARN_UNINITIALIZED_AUTOS = YES_AGGRESSIVE;
				GCC_WARN_UNUSED_FUNCTION = YES;
				GCC_WARN_UNUSED_VARIABLE = YES;
				IPHONEOS_DEPLOYMENT_TARGET = 9.3;
				MTL_ENABLE_DEBUG_INFO = YES;
				ONLY_ACTIVE_ARCH = YES;
				SDKROOT = iphoneos;
				SWIFT_OPTIMIZATION_LEVEL = "-Onone";
			};
			name = Debug;
		};
		0719C6B41D723EE30061C01B /* Release */ = {
			isa = XCBuildConfiguration;
			buildSettings = {
				ALWAYS_SEARCH_USER_PATHS = NO;
				CLANG_ANALYZER_NONNULL = YES;
				CLANG_CXX_LANGUAGE_STANDARD = "gnu++0x";
				CLANG_CXX_LIBRARY = "libc++";
				CLANG_ENABLE_MODULES = YES;
				CLANG_ENABLE_OBJC_ARC = YES;
				CLANG_WARN_BOOL_CONVERSION = YES;
				CLANG_WARN_CONSTANT_CONVERSION = YES;
				CLANG_WARN_DIRECT_OBJC_ISA_USAGE = YES_ERROR;
				CLANG_WARN_EMPTY_BODY = YES;
				CLANG_WARN_ENUM_CONVERSION = YES;
				CLANG_WARN_INT_CONVERSION = YES;
				CLANG_WARN_OBJC_ROOT_CLASS = YES_ERROR;
				CLANG_WARN_UNREACHABLE_CODE = YES;
				CLANG_WARN__DUPLICATE_METHOD_MATCH = YES;
				"CODE_SIGN_IDENTITY[sdk=iphoneos*]" = "iPhone Developer";
				COPY_PHASE_STRIP = NO;
				DEBUG_INFORMATION_FORMAT = "dwarf-with-dsym";
				ENABLE_NS_ASSERTIONS = NO;
				ENABLE_STRICT_OBJC_MSGSEND = YES;
				GCC_C_LANGUAGE_STANDARD = gnu99;
				GCC_NO_COMMON_BLOCKS = YES;
				GCC_WARN_64_TO_32_BIT_CONVERSION = YES;
				GCC_WARN_ABOUT_RETURN_TYPE = YES_ERROR;
				GCC_WARN_UNDECLARED_SELECTOR = YES;
				GCC_WARN_UNINITIALIZED_AUTOS = YES_AGGRESSIVE;
				GCC_WARN_UNUSED_FUNCTION = YES;
				GCC_WARN_UNUSED_VARIABLE = YES;
				IPHONEOS_DEPLOYMENT_TARGET = 9.3;
				MTL_ENABLE_DEBUG_INFO = NO;
				SDKROOT = iphoneos;
				VALIDATE_PRODUCT = YES;
			};
			name = Release;
		};
		0719C6B61D723EE30061C01B /* Debug */ = {
			isa = XCBuildConfiguration;
			buildSettings = {
				ASSETCATALOG_COMPILER_APPICON_NAME = AppIcon;
				INFOPLIST_FILE = Medial/Info.plist;
				LD_RUNPATH_SEARCH_PATHS = "$(inherited) @executable_path/Frameworks";
				PRODUCT_BUNDLE_IDENTIFIER = "Tec-Monterrey.Medial";
				PRODUCT_NAME = "$(TARGET_NAME)";
			};
			name = Debug;
		};
		0719C6B71D723EE30061C01B /* Release */ = {
			isa = XCBuildConfiguration;
			buildSettings = {
				ASSETCATALOG_COMPILER_APPICON_NAME = AppIcon;
				INFOPLIST_FILE = Medial/Info.plist;
				LD_RUNPATH_SEARCH_PATHS = "$(inherited) @executable_path/Frameworks";
				PRODUCT_BUNDLE_IDENTIFIER = "Tec-Monterrey.Medial";
				PRODUCT_NAME = "$(TARGET_NAME)";
			};
			name = Release;
		};
		0719C6B91D723EE30061C01B /* Debug */ = {
			isa = XCBuildConfiguration;
			buildSettings = {
				BUNDLE_LOADER = "$(TEST_HOST)";
				INFOPLIST_FILE = MedialTests/Info.plist;
				LD_RUNPATH_SEARCH_PATHS = "$(inherited) @executable_path/Frameworks @loader_path/Frameworks";
				PRODUCT_BUNDLE_IDENTIFIER = "Tec-Monterrey.MedialTests";
				PRODUCT_NAME = "$(TARGET_NAME)";
				TEST_HOST = "$(BUILT_PRODUCTS_DIR)/Medial.app/Medial";
			};
			name = Debug;
		};
		0719C6BA1D723EE30061C01B /* Release */ = {
			isa = XCBuildConfiguration;
			buildSettings = {
				BUNDLE_LOADER = "$(TEST_HOST)";
				INFOPLIST_FILE = MedialTests/Info.plist;
				LD_RUNPATH_SEARCH_PATHS = "$(inherited) @executable_path/Frameworks @loader_path/Frameworks";
				PRODUCT_BUNDLE_IDENTIFIER = "Tec-Monterrey.MedialTests";
				PRODUCT_NAME = "$(TARGET_NAME)";
				TEST_HOST = "$(BUILT_PRODUCTS_DIR)/Medial.app/Medial";
			};
			name = Release;
		};
		0719C6BC1D723EE30061C01B /* Debug */ = {
			isa = XCBuildConfiguration;
			buildSettings = {
				INFOPLIST_FILE = MedialUITests/Info.plist;
				LD_RUNPATH_SEARCH_PATHS = "$(inherited) @executable_path/Frameworks @loader_path/Frameworks";
				PRODUCT_BUNDLE_IDENTIFIER = "Tec-Monterrey.MedialUITests";
				PRODUCT_NAME = "$(TARGET_NAME)";
				TEST_TARGET_NAME = Medial;
			};
			name = Debug;
		};
		0719C6BD1D723EE30061C01B /* Release */ = {
			isa = XCBuildConfiguration;
			buildSettings = {
				INFOPLIST_FILE = MedialUITests/Info.plist;
				LD_RUNPATH_SEARCH_PATHS = "$(inherited) @executable_path/Frameworks @loader_path/Frameworks";
				PRODUCT_BUNDLE_IDENTIFIER = "Tec-Monterrey.MedialUITests";
				PRODUCT_NAME = "$(TARGET_NAME)";
				TEST_TARGET_NAME = Medial;
			};
			name = Release;
		};
/* End XCBuildConfiguration section */

/* Begin XCConfigurationList section */
		0719C6881D723EE00061C01B /* Build configuration list for PBXProject "Medial" */ = {
			isa = XCConfigurationList;
			buildConfigurations = (
				0719C6B31D723EE30061C01B /* Debug */,
				0719C6B41D723EE30061C01B /* Release */,
			);
			defaultConfigurationIsVisible = 0;
			defaultConfigurationName = Release;
		};
		0719C6B51D723EE30061C01B /* Build configuration list for PBXNativeTarget "Medial" */ = {
			isa = XCConfigurationList;
			buildConfigurations = (
				0719C6B61D723EE30061C01B /* Debug */,
				0719C6B71D723EE30061C01B /* Release */,
			);
			defaultConfigurationIsVisible = 0;
			defaultConfigurationName = Release;
		};
		0719C6B81D723EE30061C01B /* Build configuration list for PBXNativeTarget "MedialTests" */ = {
			isa = XCConfigurationList;
			buildConfigurations = (
				0719C6B91D723EE30061C01B /* Debug */,
				0719C6BA1D723EE30061C01B /* Release */,
			);
			defaultConfigurationIsVisible = 0;
			defaultConfigurationName = Release;
		};
		0719C6BB1D723EE30061C01B /* Build configuration list for PBXNativeTarget "MedialUITests" */ = {
			isa = XCConfigurationList;
			buildConfigurations = (
				0719C6BC1D723EE30061C01B /* Debug */,
				0719C6BD1D723EE30061C01B /* Release */,
			);
			defaultConfigurationIsVisible = 0;
			defaultConfigurationName = Release;
		};
/* End XCConfigurationList section */
	};
	rootObject = 0719C6851D723EE00061C01B /* Project object */;
}
